{
  "name": "course_registration",
  "version": "1.2021.0",
  "lockfileVersion": 2,
  "requires": true,
  "packages": {
    "": {
      "name": "course_registration",
      "version": "1.2021.0",
      "license": "ISC",
      "dependencies": {
        "@types/google-apps-script": "^1.0.14"
      }
    },
    "node_modules/@types/google-apps-script": {
      "version": "1.0.28",
      "resolved": "https://registry.npmjs.org/@types/google-apps-script/-/google-apps-script-1.0.28.tgz",
      "integrity": "sha512-73LTqbBdyNSrx//Ejtk1nEKXSMhAtdCmuUzAXv1PoAQr03dHpdaQhwT+YHbZrTzFiUXNJpC37ZWE24mGmSjPGQ==",
      "license": "MIT"
    }
  },
  "dependencies": {
    "@types/google-apps-script": {
      "version": "1.0.28",
      "resolved": "https://registry.npmjs.org/@types/google-apps-script/-/google-apps-script-1.0.28.tgz",
      "integrity": "sha512-73LTqbBdyNSrx//Ejtk1nEKXSMhAtdCmuUzAXv1PoAQr03dHpdaQhwT+YHbZrTzFiUXNJpC37ZWE24mGmSjPGQ=="
    }
  }
}
